
Microsoft Visual Studio Solution File, Format Version 12.00
# Visual Studio 15
VisualStudioVersion = 15.0.28010.2003
MinimumVisualStudioVersion = 10.0.40219.1
Project("{FAE04EC0-301F-11D3-BF4B-00C04F79EFBC}") = "ScraperionFramework", "ScraperionFramework\ScraperionFramework.csproj", "{06837ACE-3EE3-4286-B70B-41213078F878}"
EndProject
Project("{FAE04EC0-301F-11D3-BF4B-00C04F79EFBC}") = "Scraperion", "Scraperion\Scraperion.csproj", "{F1521C62-EF71-4E99-83B4-3D879A623CAD}"
EndProject
Project("{FAE04EC0-301F-11D3-BF4B-00C04F79EFBC}") = "TestHarmess", "TestHarmess\TestHarmess.csproj", "{3226AD4F-B0AE-413D-B13D-CFF36B023F97}"
EndProject
Project("{9A19103F-16F7-4668-BE54-9A1E7A4F7556}") = "PuppeteerSharp", "puppeteer-sharp\lib\PuppeteerSharp\PuppeteerSharp.csproj", "{B4CC8F0D-7D5B-4D5B-AEA9-B4610F34A75D}"
EndProject
Global
	GlobalSection(SolutionConfigurationPlatforms) = preSolution
		Debug|Any CPU = Debug|Any CPU
		Release|Any CPU = Release|Any CPU
	EndGlobalSection
	GlobalSection(ProjectConfigurationPlatforms) = postSolution
		{06837ACE-3EE3-4286-B70B-41213078F878}.Debug|Any CPU.ActiveCfg = Debug|Any CPU
		{06837ACE-3EE3-4286-B70B-41213078F878}.Debug|Any CPU.Build.0 = Debug|Any CPU
		{06837ACE-3EE3-4286-B70B-41213078F878}.Release|Any CPU.ActiveCfg = Release|Any CPU
		{06837ACE-3EE3-4286-B70B-41213078F878}.Release|Any CPU.Build.0 = Release|Any CPU
		{F1521C62-EF71-4E99-83B4-3D879A623CAD}.Debug|Any CPU.ActiveCfg = Debug|Any CPU
		{F1521C62-EF71-4E99-83B4-3D879A623CAD}.Debug|Any CPU.Build.0 = Debug|Any CPU
		{F1521C62-EF71-4E99-83B4-3D879A623CAD}.Release|Any CPU.ActiveCfg = Release|Any CPU
		{F1521C62-EF71-4E99-83B4-3D879A623CAD}.Release|Any CPU.Build.0 = Release|Any CPU
		{3226AD4F-B0AE-413D-B13D-CFF36B023F97}.Debug|Any CPU.ActiveCfg = Debug|Any CPU
		{3226AD4F-B0AE-413D-B13D-CFF36B023F97}.Debug|Any CPU.Build.0 = Debug|Any CPU
		{3226AD4F-B0AE-413D-B13D-CFF36B023F97}.Release|Any CPU.ActiveCfg = Release|Any CPU
		{3226AD4F-B0AE-413D-B13D-CFF36B023F97}.Release|Any CPU.Build.0 = Release|Any CPU
		{B4CC8F0D-7D5B-4D5B-AEA9-B4610F34A75D}.Debug|Any CPU.ActiveCfg = Debug|Any CPU
		{B4CC8F0D-7D5B-4D5B-AEA9-B4610F34A75D}.Debug|Any CPU.Build.0 = Debug|Any CPU
		{B4CC8F0D-7D5B-4D5B-AEA9-B4610F34A75D}.Release|Any CPU.ActiveCfg = Release|Any CPU
		{B4CC8F0D-7D5B-4D5B-AEA9-B4610F34A75D}.Release|Any CPU.Build.0 = Release|Any CPU
	EndGlobalSection
	GlobalSection(SolutionProperties) = preSolution
		HideSolutionNode = FALSE
	EndGlobalSection
	GlobalSection(ExtensibilityGlobals) = postSolution
		SolutionGuid = {AF9FFF5A-8022-4103-BB61-F4E968989E8F}
	EndGlobalSection
EndGlobal
